
Microsoft Visual Studio Solution File, Format Version 12.00
# Visual Studio 15
VisualStudioVersion = 15.0.28307.1259
MinimumVisualStudioVersion = 10.0.40219.1
Project("{FAE04EC0-301F-11D3-BF4B-00C04F79EFBC}") = "AKSKeyron", "AKSKeyron\AKSKeyron.csproj", "{2B3147D6-6013-4978-B72E-0838E3B5579C}"
EndProject
Global
	GlobalSection(SolutionConfigurationPlatforms) = preSolution
		Debug|Any CPU = Debug|Any CPU
		Release|Any CPU = Release|Any CPU
	EndGlobalSection
	GlobalSection(ProjectConfigurationPlatforms) = postSolution
		{2B3147D6-6013-4978-B72E-0838E3B5579C}.Debug|Any CPU.ActiveCfg = Debug|Any CPU
		{2B3147D6-6013-4978-B72E-0838E3B5579C}.Debug|Any CPU.Build.0 = Debug|Any CPU
		{2B3147D6-6013-4978-B72E-0838E3B5579C}.Release|Any CPU.ActiveCfg = Release|Any CPU
		{2B3147D6-6013-4978-B72E-0838E3B5579C}.Release|Any CPU.Build.0 = Release|Any CPU
	EndGlobalSection
	GlobalSection(SolutionProperties) = preSolution
		HideSolutionNode = FALSE
	EndGlobalSection
	GlobalSection(ExtensibilityGlobals) = postSolution
		SolutionGuid = {7F749238-4BC3-42E8-B67A-0D89EE575E41}
	EndGlobalSection
EndGlobal
